
Microsoft Visual Studio Solution File, Format Version 12.00
# Visual Studio Version 17
VisualStudioVersion = 17.1.31911.260
MinimumVisualStudioVersion = 10.0.40219.1
Project("{FAE04EC0-301F-11D3-BF4B-00C04F79EFBC}") = "CdCollector", "CdCollector\CdCollector.csproj", "{7F206BB6-99E0-4BC8-81A9-C2CB1515E917}"
EndProject
Global
	GlobalSection(SolutionConfigurationPlatforms) = preSolution
		Debug|Any CPU = Debug|Any CPU
		Release|Any CPU = Release|Any CPU
	EndGlobalSection
	GlobalSection(ProjectConfigurationPlatforms) = postSolution
		{7F206BB6-99E0-4BC8-81A9-C2CB1515E917}.Debug|Any CPU.ActiveCfg = Debug|Any CPU
		{7F206BB6-99E0-4BC8-81A9-C2CB1515E917}.Debug|Any CPU.Build.0 = Debug|Any CPU
		{7F206BB6-99E0-4BC8-81A9-C2CB1515E917}.Release|Any CPU.ActiveCfg = Release|Any CPU
		{7F206BB6-99E0-4BC8-81A9-C2CB1515E917}.Release|Any CPU.Build.0 = Release|Any CPU
	EndGlobalSection
	GlobalSection(SolutionProperties) = preSolution
		HideSolutionNode = FALSE
	EndGlobalSection
	GlobalSection(ExtensibilityGlobals) = postSolution
		SolutionGuid = {0D8E1188-F1EC-4D0B-8CDE-8B7D53D7BD43}
	EndGlobalSection
EndGlobal
